
Microsoft Visual Studio Solution File, Format Version 12.00
# Visual Studio 15
VisualStudioVersion = 15.0.28307.136
MinimumVisualStudioVersion = 10.0.40219.1
Project("{FAE04EC0-301F-11D3-BF4B-00C04F79EFBC}") = "AsyncMessages", "AsyncMessages\AsyncMessages.csproj", "{58AD0B86-0653-4EA6-BB31-C293617E1F92}"
EndProject
Global
	GlobalSection(SolutionConfigurationPlatforms) = preSolution
		Debug|Any CPU = Debug|Any CPU
		Release|Any CPU = Release|Any CPU
	EndGlobalSection
	GlobalSection(ProjectConfigurationPlatforms) = postSolution
		{58AD0B86-0653-4EA6-BB31-C293617E1F92}.Debug|Any CPU.ActiveCfg = Debug|Any CPU
		{58AD0B86-0653-4EA6-BB31-C293617E1F92}.Debug|Any CPU.Build.0 = Debug|Any CPU
		{58AD0B86-0653-4EA6-BB31-C293617E1F92}.Release|Any CPU.ActiveCfg = Release|Any CPU
		{58AD0B86-0653-4EA6-BB31-C293617E1F92}.Release|Any CPU.Build.0 = Release|Any CPU
	EndGlobalSection
	GlobalSection(SolutionProperties) = preSolution
		HideSolutionNode = FALSE
	EndGlobalSection
	GlobalSection(ExtensibilityGlobals) = postSolution
		SolutionGuid = {CCB76187-BEBD-4949-A201-70A0B4B0AB39}
	EndGlobalSection
EndGlobal
